
Microsoft Visual Studio Solution File, Format Version 12.00
# Visual Studio Version 17
VisualStudioVersion = 17.10.35004.147
MinimumVisualStudioVersion = 10.0.40219.1
Project("{FAE04EC0-301F-11D3-BF4B-00C04F79EFBC}") = "ParalelProgramming", "ParalelProgramming\ParalelProgramming.csproj", "{548A7E70-E469-4A81-B2C2-3A22D41AB31A}"
EndProject
Global
	GlobalSection(SolutionConfigurationPlatforms) = preSolution
		Debug|Any CPU = Debug|Any CPU
		Release|Any CPU = Release|Any CPU
	EndGlobalSection
	GlobalSection(ProjectConfigurationPlatforms) = postSolution
		{548A7E70-E469-4A81-B2C2-3A22D41AB31A}.Debug|Any CPU.ActiveCfg = Debug|Any CPU
		{548A7E70-E469-4A81-B2C2-3A22D41AB31A}.Debug|Any CPU.Build.0 = Debug|Any CPU
		{548A7E70-E469-4A81-B2C2-3A22D41AB31A}.Release|Any CPU.ActiveCfg = Release|Any CPU
		{548A7E70-E469-4A81-B2C2-3A22D41AB31A}.Release|Any CPU.Build.0 = Release|Any CPU
	EndGlobalSection
	GlobalSection(SolutionProperties) = preSolution
		HideSolutionNode = FALSE
	EndGlobalSection
	GlobalSection(ExtensibilityGlobals) = postSolution
		SolutionGuid = {F74B4A3E-675D-4629-8B59-13A36F128B8E}
	EndGlobalSection
EndGlobal
